
Microsoft Visual Studio Solution File, Format Version 12.00
# Visual Studio Version 17
VisualStudioVersion = 17.11.35312.102
MinimumVisualStudioVersion = 10.0.40219.1
Project("{888888A0-9F3D-457C-B088-3A5042F75D52}") = "Grafy", "Grafy\Grafy.pyproj", "{E5FECD02-66AA-419E-87AC-ECAF8DD5B8E8}"
EndProject
Global
	GlobalSection(SolutionConfigurationPlatforms) = preSolution
		Debug|Any CPU = Debug|Any CPU
		Release|Any CPU = Release|Any CPU
	EndGlobalSection
	GlobalSection(ProjectConfigurationPlatforms) = postSolution
		{E5FECD02-66AA-419E-87AC-ECAF8DD5B8E8}.Debug|Any CPU.ActiveCfg = Debug|Any CPU
		{E5FECD02-66AA-419E-87AC-ECAF8DD5B8E8}.Release|Any CPU.ActiveCfg = Release|Any CPU
	EndGlobalSection
	GlobalSection(SolutionProperties) = preSolution
		HideSolutionNode = FALSE
	EndGlobalSection
	GlobalSection(ExtensibilityGlobals) = postSolution
		SolutionGuid = {3A208802-2479-4827-8300-BDE99464A53B}
	EndGlobalSection
EndGlobal
